// !$*UTF8*$!
{
	archiveVersion = 1;
	classes = {
	};
	objectVersion = 55;
	objects = {

/* Begin PBXBuildFile section */
		5218E93F2AC8FE2500AAD91D /* ViewControllerExtension.swift in Sources */ = {isa = PBXBuildFile; fileRef = 5218E93E2AC8FE2500AAD91D /* ViewControllerExtension.swift */; };
		5218E9432AC9118B00AAD91D /* Assets.xcassets in Resources */ = {isa = PBXBuildFile; fileRef = 5218E9422AC9118B00AAD91D /* Assets.xcassets */; };
		526E133D2ABE813B00B5946F /* AppDelegate.swift in Sources */ = {isa = PBXBuildFile; fileRef = 526E133C2ABE813B00B5946F /* AppDelegate.swift */; };
		526E133F2ABE813B00B5946F /* SceneDelegate.swift in Sources */ = {isa = PBXBuildFile; fileRef = 526E133E2ABE813B00B5946F /* SceneDelegate.swift */; };
		526E13412ABE813B00B5946F /* ViewController.swift in Sources */ = {isa = PBXBuildFile; fileRef = 526E13402ABE813B00B5946F /* ViewController.swift */; };
		526E13442ABE813B00B5946F /* Main.storyboard in Resources */ = {isa = PBXBuildFile; fileRef = 526E13422ABE813B00B5946F /* Main.storyboard */; };
		526E13472ABE813B00B5946F /* Notes.xcdatamodeld in Sources */ = {isa = PBXBuildFile; fileRef = 526E13452ABE813B00B5946F /* Notes.xcdatamodeld */; };
		526E134C2ABE813D00B5946F /* LaunchScreen.storyboard in Resources */ = {isa = PBXBuildFile; fileRef = 526E134A2ABE813D00B5946F /* LaunchScreen.storyboard */; };
		526E13552ABE816600B5946F /* Note.swift in Sources */ = {isa = PBXBuildFile; fileRef = 526E13542ABE816600B5946F /* Note.swift */; };
		526E13572ABE823C00B5946F /* NoteDataManager.swift in Sources */ = {isa = PBXBuildFile; fileRef = 526E13562ABE823C00B5946F /* NoteDataManager.swift */; };
		526E13592ABE875900B5946F /* NotesTableViewController.swift in Sources */ = {isa = PBXBuildFile; fileRef = 526E13582ABE875900B5946F /* NotesTableViewController.swift */; };
		526E135D2ABF42E600B5946F /* AddNoteViewController.swift in Sources */ = {isa = PBXBuildFile; fileRef = 526E135C2ABF42E600B5946F /* AddNoteViewController.swift */; };
		526E135F2ABF65F600B5946F /* NoteViewCell.swift in Sources */ = {isa = PBXBuildFile; fileRef = 526E135E2ABF65F600B5946F /* NoteViewCell.swift */; };
		526E13622ABF6EDD00B5946F /* DateExtension.swift in Sources */ = {isa = PBXBuildFile; fileRef = 526E13612ABF6EDD00B5946F /* DateExtension.swift */; };
		526E13642ABF6EF600B5946F /* FormaterExtension.swift in Sources */ = {isa = PBXBuildFile; fileRef = 526E13632ABF6EF600B5946F /* FormaterExtension.swift */; };
/* End PBXBuildFile section */

/* Begin PBXFileReference section */
		5218E93E2AC8FE2500AAD91D /* ViewControllerExtension.swift */ = {isa = PBXFileReference; lastKnownFileType = sourcecode.swift; path = ViewControllerExtension.swift; sourceTree = "<group>"; };
		5218E9422AC9118B00AAD91D /* Assets.xcassets */ = {isa = PBXFileReference; lastKnownFileType = folder.assetcatalog; name = Assets.xcassets; path = Notes/Assets.xcassets; sourceTree = SOURCE_ROOT; };
		526E13392ABE813B00B5946F /* Notes.app */ = {isa = PBXFileReference; explicitFileType = wrapper.application; includeInIndex = 0; path = Notes.app; sourceTree = BUILT_PRODUCTS_DIR; };
		526E133C2ABE813B00B5946F /* AppDelegate.swift */ = {isa = PBXFileReference; lastKnownFileType = sourcecode.swift; path = AppDelegate.swift; sourceTree = "<group>"; };
		526E133E2ABE813B00B5946F /* SceneDelegate.swift */ = {isa = PBXFileReference; lastKnownFileType = sourcecode.swift; path = SceneDelegate.swift; sourceTree = "<group>"; };
		526E13402ABE813B00B5946F /* ViewController.swift */ = {isa = PBXFileReference; lastKnownFileType = sourcecode.swift; path = ViewController.swift; sourceTree = "<group>"; };
		526E13432ABE813B00B5946F /* Base */ = {isa = PBXFileReference; lastKnownFileType = file.storyboard; name = Base; path = Base.lproj/Main.storyboard; sourceTree = "<group>"; };
		526E13462ABE813B00B5946F /* Notes.xcdatamodel */ = {isa = PBXFileReference; lastKnownFileType = wrapper.xcdatamodel; path = Notes.xcdatamodel; sourceTree = "<group>"; };
		526E134B2ABE813D00B5946F /* Base */ = {isa = PBXFileReference; lastKnownFileType = file.storyboard; name = Base; path = Base.lproj/LaunchScreen.storyboard; sourceTree = "<group>"; };
		526E134D2ABE813D00B5946F /* Info.plist */ = {isa = PBXFileReference; lastKnownFileType = text.plist.xml; path = Info.plist; sourceTree = "<group>"; };
		526E13542ABE816600B5946F /* Note.swift */ = {isa = PBXFileReference; lastKnownFileType = sourcecode.swift; path = Note.swift; sourceTree = "<group>"; };
		526E13562ABE823C00B5946F /* NoteDataManager.swift */ = {isa = PBXFileReference; lastKnownFileType = sourcecode.swift; path = NoteDataManager.swift; sourceTree = "<group>"; };
		526E13582ABE875900B5946F /* NotesTableViewController.swift */ = {isa = PBXFileReference; lastKnownFileType = sourcecode.swift; path = NotesTableViewController.swift; sourceTree = "<group>"; };
		526E135C2ABF42E600B5946F /* AddNoteViewController.swift */ = {isa = PBXFileReference; lastKnownFileType = sourcecode.swift; path = AddNoteViewController.swift; sourceTree = "<group>"; };
		526E135E2ABF65F600B5946F /* NoteViewCell.swift */ = {isa = PBXFileReference; lastKnownFileType = sourcecode.swift; path = NoteViewCell.swift; sourceTree = "<group>"; };
		526E13612ABF6EDD00B5946F /* DateExtension.swift */ = {isa = PBXFileReference; lastKnownFileType = sourcecode.swift; path = DateExtension.swift; sourceTree = "<group>"; };
		526E13632ABF6EF600B5946F /* FormaterExtension.swift */ = {isa = PBXFileReference; lastKnownFileType = sourcecode.swift; path = FormaterExtension.swift; sourceTree = "<group>"; };
/* End PBXFileReference section */

/* Begin PBXFrameworksBuildPhase section */
		526E13362ABE813B00B5946F /* Frameworks */ = {
			isa = PBXFrameworksBuildPhase;
			buildActionMask = 2147483647;
			files = (
			);
			runOnlyForDeploymentPostprocessing = 0;
		};
/* End PBXFrameworksBuildPhase section */

/* Begin PBXGroup section */
		526E13302ABE813B00B5946F = {
			isa = PBXGroup;
			children = (
				526E133B2ABE813B00B5946F /* Notes */,
				526E133A2ABE813B00B5946F /* Products */,
			);
			sourceTree = "<group>";
		};
		526E133A2ABE813B00B5946F /* Products */ = {
			isa = PBXGroup;
			children = (
				526E13392ABE813B00B5946F /* Notes.app */,
			);
			name = Products;
			sourceTree = "<group>";
		};
		526E133B2ABE813B00B5946F /* Notes */ = {
			isa = PBXGroup;
			children = (
				5218E9422AC9118B00AAD91D /* Assets.xcassets */,
				526E13602ABF6EC900B5946F /* Extensions */,
				526E13532ABE814B00B5946F /* Model */,
				526E133C2ABE813B00B5946F /* AppDelegate.swift */,
				526E133E2ABE813B00B5946F /* SceneDelegate.swift */,
				526E13402ABE813B00B5946F /* ViewController.swift */,
				526E13422ABE813B00B5946F /* Main.storyboard */,
				526E134A2ABE813D00B5946F /* LaunchScreen.storyboard */,
				526E134D2ABE813D00B5946F /* Info.plist */,
				526E13452ABE813B00B5946F /* Notes.xcdatamodeld */,
				526E13582ABE875900B5946F /* NotesTableViewController.swift */,
				526E135C2ABF42E600B5946F /* AddNoteViewController.swift */,
				526E135E2ABF65F600B5946F /* NoteViewCell.swift */,
			);
			path = Notes;
			sourceTree = "<group>";
		};
		526E13532ABE814B00B5946F /* Model */ = {
			isa = PBXGroup;
			children = (
				526E13542ABE816600B5946F /* Note.swift */,
				526E13562ABE823C00B5946F /* NoteDataManager.swift */,
			);
			path = Model;
			sourceTree = "<group>";
		};
		526E13602ABF6EC900B5946F /* Extensions */ = {
			isa = PBXGroup;
			children = (
				526E13612ABF6EDD00B5946F /* DateExtension.swift */,
				526E13632ABF6EF600B5946F /* FormaterExtension.swift */,
				5218E93E2AC8FE2500AAD91D /* ViewControllerExtension.swift */,
			);
			path = Extensions;
			sourceTree = "<group>";
		};
/* End PBXGroup section */

/* Begin PBXNativeTarget section */
		526E13382ABE813B00B5946F /* Notes */ = {
			isa = PBXNativeTarget;
			buildConfigurationList = 526E13502ABE813D00B5946F /* Build configuration list for PBXNativeTarget "Notes" */;
			buildPhases = (
				526E13352ABE813B00B5946F /* Sources */,
				526E13362ABE813B00B5946F /* Frameworks */,
				526E13372ABE813B00B5946F /* Resources */,
			);
			buildRules = (
			);
			dependencies = (
			);
			name = Notes;
			productName = Notes;
			productReference = 526E13392ABE813B00B5946F /* Notes.app */;
			productType = "com.apple.product-type.application";
		};
/* End PBXNativeTarget section */

/* Begin PBXProject section */
		526E13312ABE813B00B5946F /* Project object */ = {
			isa = PBXProject;
			attributes = {
				BuildIndependentTargetsInParallel = 1;
				LastSwiftUpdateCheck = 1340;
				LastUpgradeCheck = 1340;
				TargetAttributes = {
					526E13382ABE813B00B5946F = {
						CreatedOnToolsVersion = 13.4;
					};
				};
			};
			buildConfigurationList = 526E13342ABE813B00B5946F /* Build configuration list for PBXProject "Notes" */;
			compatibilityVersion = "Xcode 13.0";
			developmentRegion = en;
			hasScannedForEncodings = 0;
			knownRegions = (
				en,
				Base,
			);
			mainGroup = 526E13302ABE813B00B5946F;
			productRefGroup = 526E133A2ABE813B00B5946F /* Products */;
			projectDirPath = "";
			projectRoot = "";
			targets = (
				526E13382ABE813B00B5946F /* Notes */,
			);
		};
/* End PBXProject section */

/* Begin PBXResourcesBuildPhase section */
		526E13372ABE813B00B5946F /* Resources */ = {
			isa = PBXResourcesBuildPhase;
			buildActionMask = 2147483647;
			files = (
				526E134C2ABE813D00B5946F /* LaunchScreen.storyboard in Resources */,
				5218E9432AC9118B00AAD91D /* Assets.xcassets in Resources */,
				526E13442ABE813B00B5946F /* Main.storyboard in Resources */,
			);
			runOnlyForDeploymentPostprocessing = 0;
		};
/* End PBXResourcesBuildPhase section */

/* Begin PBXSourcesBuildPhase section */
		526E13352ABE813B00B5946F /* Sources */ = {
			isa = PBXSourcesBuildPhase;
			buildActionMask = 2147483647;
			files = (
				526E13552ABE816600B5946F /* Note.swift in Sources */,
				526E13622ABF6EDD00B5946F /* DateExtension.swift in Sources */,
				526E13412ABE813B00B5946F /* ViewController.swift in Sources */,
				526E133D2ABE813B00B5946F /* AppDelegate.swift in Sources */,
				526E13572ABE823C00B5946F /* NoteDataManager.swift in Sources */,
				526E135D2ABF42E600B5946F /* AddNoteViewController.swift in Sources */,
				526E13642ABF6EF600B5946F /* FormaterExtension.swift in Sources */,
				526E133F2ABE813B00B5946F /* SceneDelegate.swift in Sources */,
				5218E93F2AC8FE2500AAD91D /* ViewControllerExtension.swift in Sources */,
				526E13472ABE813B00B5946F /* Notes.xcdatamodeld in Sources */,
				526E135F2ABF65F600B5946F /* NoteViewCell.swift in Sources */,
				526E13592ABE875900B5946F /* NotesTableViewController.swift in Sources */,
			);
			runOnlyForDeploymentPostprocessing = 0;
		};
/* End PBXSourcesBuildPhase section */

/* Begin PBXVariantGroup section */
		526E13422ABE813B00B5946F /* Main.storyboard */ = {
			isa = PBXVariantGroup;
			children = (
				526E13432ABE813B00B5946F /* Base */,
			);
			name = Main.storyboard;
			sourceTree = "<group>";
		};
		526E134A2ABE813D00B5946F /* LaunchScreen.storyboard */ = {
			isa = PBXVariantGroup;
			children = (
				526E134B2ABE813D00B5946F /* Base */,
			);
			name = LaunchScreen.storyboard;
			sourceTree = "<group>";
		};
/* End PBXVariantGroup section */

/* Begin XCBuildConfiguration section */
		526E134E2ABE813D00B5946F /* Debug */ = {
			isa = XCBuildConfiguration;
			buildSettings = {
				ALWAYS_SEARCH_USER_PATHS = NO;
				CLANG_ANALYZER_NONNULL = YES;
				CLANG_ANALYZER_NUMBER_OBJECT_CONVERSION = YES_AGGRESSIVE;
				CLANG_CXX_LANGUAGE_STANDARD = "gnu++17";
				CLANG_ENABLE_MODULES = YES;
				CLANG_ENABLE_OBJC_ARC = YES;
				CLANG_ENABLE_OBJC_WEAK = YES;
				CLANG_WARN_BLOCK_CAPTURE_AUTORELEASING = YES;
				CLANG_WARN_BOOL_CONVERSION = YES;
				CLANG_WARN_COMMA = YES;
				CLANG_WARN_CONSTANT_CONVERSION = YES;
				CLANG_WARN_DEPRECATED_OBJC_IMPLEMENTATIONS = YES;
				CLANG_WARN_DIRECT_OBJC_ISA_USAGE = YES_ERROR;
				CLANG_WARN_DOCUMENTATION_COMMENTS = YES;
				CLANG_WARN_EMPTY_BODY = YES;
				CLANG_WARN_ENUM_CONVERSION = YES;
				CLANG_WARN_INFINITE_RECURSION = YES;
				CLANG_WARN_INT_CONVERSION = YES;
				CLANG_WARN_NON_LITERAL_NULL_CONVERSION = YES;
				CLANG_WARN_OBJC_IMPLICIT_RETAIN_SELF = YES;
				CLANG_WARN_OBJC_LITERAL_CONVERSION = YES;
				CLANG_WARN_OBJC_ROOT_CLASS = YES_ERROR;
				CLANG_WARN_QUOTED_INCLUDE_IN_FRAMEWORK_HEADER = YES;
				CLANG_WARN_RANGE_LOOP_ANALYSIS = YES;
				CLANG_WARN_STRICT_PROTOTYPES = YES;
				CLANG_WARN_SUSPICIOUS_MOVE = YES;
				CLANG_WARN_UNGUARDED_AVAILABILITY = YES_AGGRESSIVE;
				CLANG_WARN_UNREACHABLE_CODE = YES;
				CLANG_WARN__DUPLICATE_METHOD_MATCH = YES;
				COPY_PHASE_STRIP = NO;
				DEBUG_INFORMATION_FORMAT = dwarf;
				ENABLE_STRICT_OBJC_MSGSEND = YES;
				ENABLE_TESTABILITY = YES;
				GCC_C_LANGUAGE_STANDARD = gnu11;
				GCC_DYNAMIC_NO_PIC = NO;
				GCC_NO_COMMON_BLOCKS = YES;
				GCC_OPTIMIZATION_LEVEL = 0;
				GCC_PREPROCESSOR_DEFINITIONS = (
					"DEBUG=1",
					"$(inherited)",
				);
				GCC_WARN_64_TO_32_BIT_CONVERSION = YES;
				GCC_WARN_ABOUT_RETURN_TYPE = YES_ERROR;
				GCC_WARN_UNDECLARED_SELECTOR = YES;
				GCC_WARN_UNINITIALIZED_AUTOS = YES_AGGRESSIVE;
				GCC_WARN_UNUSED_FUNCTION = YES;
				GCC_WARN_UNUSED_VARIABLE = YES;
				IPHONEOS_DEPLOYMENT_TARGET = 15.5;
				MTL_ENABLE_DEBUG_INFO = INCLUDE_SOURCE;
				MTL_FAST_MATH = YES;
				ONLY_ACTIVE_ARCH = YES;
				SDKROOT = iphoneos;
				SWIFT_ACTIVE_COMPILATION_CONDITIONS = DEBUG;
				SWIFT_OPTIMIZATION_LEVEL = "-Onone";
			};
			name = Debug;
		};
		526E134F2ABE813D00B5946F /* Release */ = {
			isa = XCBuildConfiguration;
			buildSettings = {
				ALWAYS_SEARCH_USER_PATHS = NO;
				CLANG_ANALYZER_NONNULL = YES;
				CLANG_ANALYZER_NUMBER_OBJECT_CONVERSION = YES_AGGRESSIVE;
				CLANG_CXX_LANGUAGE_STANDARD = "gnu++17";
				CLANG_ENABLE_MODULES = YES;
				CLANG_ENABLE_OBJC_ARC = YES;
				CLANG_ENABLE_OBJC_WEAK = YES;
				CLANG_WARN_BLOCK_CAPTURE_AUTORELEASING = YES;
				CLANG_WARN_BOOL_CONVERSION = YES;
				CLANG_WARN_COMMA = YES;
				CLANG_WARN_CONSTANT_CONVERSION = YES;
				CLANG_WARN_DEPRECATED_OBJC_IMPLEMENTATIONS = YES;
				CLANG_WARN_DIRECT_OBJC_ISA_USAGE = YES_ERROR;
				CLANG_WARN_DOCUMENTATION_COMMENTS = YES;
				CLANG_WARN_EMPTY_BODY = YES;
				CLANG_WARN_ENUM_CONVERSION = YES;
				CLANG_WARN_INFINITE_RECURSION = YES;
				CLANG_WARN_INT_CONVERSION = YES;
				CLANG_WARN_NON_LITERAL_NULL_CONVERSION = YES;
				CLANG_WARN_OBJC_IMPLICIT_RETAIN_SELF = YES;
				CLANG_WARN_OBJC_LITERAL_CONVERSION = YES;
				CLANG_WARN_OBJC_ROOT_CLASS = YES_ERROR;
				CLANG_WARN_QUOTED_INCLUDE_IN_FRAMEWORK_HEADER = YES;
				CLANG_WARN_RANGE_LOOP_ANALYSIS = YES;
				CLANG_WARN_STRICT_PROTOTYPES = YES;
				CLANG_WARN_SUSPICIOUS_MOVE = YES;
				CLANG_WARN_UNGUARDED_AVAILABILITY = YES_AGGRESSIVE;
				CLANG_WARN_UNREACHABLE_CODE = YES;
				CLANG_WARN__DUPLICATE_METHOD_MATCH = YES;
				COPY_PHASE_STRIP = NO;
				DEBUG_INFORMATION_FORMAT = "dwarf-with-dsym";
				ENABLE_NS_ASSERTIONS = NO;
				ENABLE_STRICT_OBJC_MSGSEND = YES;
				GCC_C_LANGUAGE_STANDARD = gnu11;
				GCC_NO_COMMON_BLOCKS = YES;
				GCC_WARN_64_TO_32_BIT_CONVERSION = YES;
				GCC_WARN_ABOUT_RETURN_TYPE = YES_ERROR;
				GCC_WARN_UNDECLARED_SELECTOR = YES;
				GCC_WARN_UNINITIALIZED_AUTOS = YES_AGGRESSIVE;
				GCC_WARN_UNUSED_FUNCTION = YES;
				GCC_WARN_UNUSED_VARIABLE = YES;
				IPHONEOS_DEPLOYMENT_TARGET = 15.5;
				MTL_ENABLE_DEBUG_INFO = NO;
				MTL_FAST_MATH = YES;
				SDKROOT = iphoneos;
				SWIFT_COMPILATION_MODE = wholemodule;
				SWIFT_OPTIMIZATION_LEVEL = "-O";
				VALIDATE_PRODUCT = YES;
			};
			name = Release;
		};
		526E13512ABE813D00B5946F /* Debug */ = {
			isa = XCBuildConfiguration;
			buildSettings = {
				ASSETCATALOG_COMPILER_APPICON_NAME = AppIcon;
				ASSETCATALOG_COMPILER_GLOBAL_ACCENT_COLOR_NAME = AccentColor;
				CODE_SIGN_STYLE = Automatic;
				CURRENT_PROJECT_VERSION = 1;
				DEVELOPMENT_TEAM = XU6A847CTK;
				GENERATE_INFOPLIST_FILE = YES;
				INFOPLIST_FILE = Notes/Info.plist;
				INFOPLIST_KEY_UIApplicationSupportsIndirectInputEvents = YES;
				INFOPLIST_KEY_UILaunchStoryboardName = LaunchScreen;
				INFOPLIST_KEY_UIMainStoryboardFile = Main;
				INFOPLIST_KEY_UISupportedInterfaceOrientations_iPad = "UIInterfaceOrientationPortrait UIInterfaceOrientationPortraitUpsideDown UIInterfaceOrientationLandscapeLeft UIInterfaceOrientationLandscapeRight";
				INFOPLIST_KEY_UISupportedInterfaceOrientations_iPhone = "UIInterfaceOrientationPortrait UIInterfaceOrientationLandscapeLeft UIInterfaceOrientationLandscapeRight";
				LD_RUNPATH_SEARCH_PATHS = (
					"$(inherited)",
					"@executable_path/Frameworks",
				);
				MARKETING_VERSION = 1.0;
				PRODUCT_BUNDLE_IDENTIFIER = rosales.ricardo.Notes;
				PRODUCT_NAME = "$(TARGET_NAME)";
				SWIFT_EMIT_LOC_STRINGS = YES;
				SWIFT_VERSION = 5.0;
				TARGETED_DEVICE_FAMILY = "1,2";
			};
			name = Debug;
		};
		526E13522ABE813D00B5946F /* Release */ = {
			isa = XCBuildConfiguration;
			buildSettings = {
				ASSETCATALOG_COMPILER_APPICON_NAME = AppIcon;
				ASSETCATALOG_COMPILER_GLOBAL_ACCENT_COLOR_NAME = AccentColor;
				CODE_SIGN_STYLE = Automatic;
				CURRENT_PROJECT_VERSION = 1;
				DEVELOPMENT_TEAM = XU6A847CTK;
				GENERATE_INFOPLIST_FILE = YES;
				INFOPLIST_FILE = Notes/Info.plist;
				INFOPLIST_KEY_UIApplicationSupportsIndirectInputEvents = YES;
				INFOPLIST_KEY_UILaunchStoryboardName = LaunchScreen;
				INFOPLIST_KEY_UIMainStoryboardFile = Main;
				INFOPLIST_KEY_UISupportedInterfaceOrientations_iPad = "UIInterfaceOrientationPortrait UIInterfaceOrientationPortraitUpsideDown UIInterfaceOrientationLandscapeLeft UIInterfaceOrientationLandscapeRight";
				INFOPLIST_KEY_UISupportedInterfaceOrientations_iPhone = "UIInterfaceOrientationPortrait UIInterfaceOrientationLandscapeLeft UIInterfaceOrientationLandscapeRight";
				LD_RUNPATH_SEARCH_PATHS = (
					"$(inherited)",
					"@executable_path/Frameworks",
				);
				MARKETING_VERSION = 1.0;
				PRODUCT_BUNDLE_IDENTIFIER = rosales.ricardo.Notes;
				PRODUCT_NAME = "$(TARGET_NAME)";
				SWIFT_EMIT_LOC_STRINGS = YES;
				SWIFT_VERSION = 5.0;
				TARGETED_DEVICE_FAMILY = "1,2";
			};
			name = Release;
		};
/* End XCBuildConfiguration section */

/* Begin XCConfigurationList section */
		526E13342ABE813B00B5946F /* Build configuration list for PBXProject "Notes" */ = {
			isa = XCConfigurationList;
			buildConfigurations = (
				526E134E2ABE813D00B5946F /* Debug */,
				526E134F2ABE813D00B5946F /* Release */,
			);
			defaultConfigurationIsVisible = 0;
			defaultConfigurationName = Release;
		};
		526E13502ABE813D00B5946F /* Build configuration list for PBXNativeTarget "Notes" */ = {
			isa = XCConfigurationList;
			buildConfigurations = (
				526E13512ABE813D00B5946F /* Debug */,
				526E13522ABE813D00B5946F /* Release */,
			);
			defaultConfigurationIsVisible = 0;
			defaultConfigurationName = Release;
		};
/* End XCConfigurationList section */

/* Begin XCVersionGroup section */
		526E13452ABE813B00B5946F /* Notes.xcdatamodeld */ = {
			isa = XCVersionGroup;
			children = (
				526E13462ABE813B00B5946F /* Notes.xcdatamodel */,
			);
			currentVersion = 526E13462ABE813B00B5946F /* Notes.xcdatamodel */;
			path = Notes.xcdatamodeld;
			sourceTree = "<group>";
			versionGroupType = wrapper.xcdatamodel;
		};
/* End XCVersionGroup section */
	};
	rootObject = 526E13312ABE813B00B5946F /* Project object */;
}
